
Microsoft Visual Studio Solution File, Format Version 12.00
# Visual Studio Version 17
VisualStudioVersion = 17.12.35527.113 d17.12
MinimumVisualStudioVersion = 10.0.40219.1
Project("{FAE04EC0-301F-11D3-BF4B-00C04F79EFBC}") = "Demo", "Demo\Demo.csproj", "{FFA039D2-7D22-4766-AE72-EFDCDDF53C11}"
EndProject
Global
	GlobalSection(SolutionConfigurationPlatforms) = preSolution
		Debug|Any CPU = Debug|Any CPU
		Release|Any CPU = Release|Any CPU
	EndGlobalSection
	GlobalSection(ProjectConfigurationPlatforms) = postSolution
		{FFA039D2-7D22-4766-AE72-EFDCDDF53C11}.Debug|Any CPU.ActiveCfg = Debug|Any CPU
		{FFA039D2-7D22-4766-AE72-EFDCDDF53C11}.Debug|Any CPU.Build.0 = Debug|Any CPU
		{FFA039D2-7D22-4766-AE72-EFDCDDF53C11}.Release|Any CPU.ActiveCfg = Release|Any CPU
		{FFA039D2-7D22-4766-AE72-EFDCDDF53C11}.Release|Any CPU.Build.0 = Release|Any CPU
	EndGlobalSection
	GlobalSection(SolutionProperties) = preSolution
		HideSolutionNode = FALSE
	EndGlobalSection
EndGlobal
